
Microsoft Visual Studio Solution File, Format Version 12.00
# Visual Studio Version 16
VisualStudioVersion = 16.0.29806.167
MinimumVisualStudioVersion = 10.0.40219.1
Project("{FAE04EC0-301F-11D3-BF4B-00C04F79EFBC}") = "AIC_ERROR_Analysis", "AIC_ERROR_Analysis.csproj", "{92E65A5B-BA64-41B1-B748-69F178B727AE}"
EndProject
Global
	GlobalSection(SolutionConfigurationPlatforms) = preSolution
		Debug|Any CPU = Debug|Any CPU
		Debug|x64 = Debug|x64
		Debug|x86 = Debug|x86
		Release|Any CPU = Release|Any CPU
		Release|x64 = Release|x64
		Release|x86 = Release|x86
	EndGlobalSection
	GlobalSection(ProjectConfigurationPlatforms) = postSolution
		{92E65A5B-BA64-41B1-B748-69F178B727AE}.Debug|Any CPU.ActiveCfg = Debug|Any CPU
		{92E65A5B-BA64-41B1-B748-69F178B727AE}.Debug|Any CPU.Build.0 = Debug|Any CPU
		{92E65A5B-BA64-41B1-B748-69F178B727AE}.Debug|x64.ActiveCfg = Debug|x64
		{92E65A5B-BA64-41B1-B748-69F178B727AE}.Debug|x64.Build.0 = Debug|x64
		{92E65A5B-BA64-41B1-B748-69F178B727AE}.Debug|x86.ActiveCfg = Debug|x64
		{92E65A5B-BA64-41B1-B748-69F178B727AE}.Debug|x86.Build.0 = Debug|x64
		{92E65A5B-BA64-41B1-B748-69F178B727AE}.Release|Any CPU.ActiveCfg = Release|Any CPU
		{92E65A5B-BA64-41B1-B748-69F178B727AE}.Release|Any CPU.Build.0 = Release|Any CPU
		{92E65A5B-BA64-41B1-B748-69F178B727AE}.Release|x64.ActiveCfg = Release|x64
		{92E65A5B-BA64-41B1-B748-69F178B727AE}.Release|x64.Build.0 = Release|x64
		{92E65A5B-BA64-41B1-B748-69F178B727AE}.Release|x86.ActiveCfg = Release|x86
		{92E65A5B-BA64-41B1-B748-69F178B727AE}.Release|x86.Build.0 = Release|x86
	EndGlobalSection
	GlobalSection(SolutionProperties) = preSolution
		HideSolutionNode = FALSE
	EndGlobalSection
	GlobalSection(ExtensibilityGlobals) = postSolution
		SolutionGuid = {91A96635-80F1-41A0-AF27-A2B0079A41FB}
	EndGlobalSection
EndGlobal
